
Microsoft Visual Studio Solution File, Format Version 12.00
# Visual Studio Version 17
VisualStudioVersion = 17.14.36623.8 d17.14
MinimumVisualStudioVersion = 10.0.40219.1
Project("{FAE04EC0-301F-11D3-BF4B-00C04F79EFBC}") = "ASP_LAB_3", "ASP_LAB_3.csproj", "{12214384-09F3-4538-B924-58C26BA63802}"
EndProject
Global
	GlobalSection(SolutionConfigurationPlatforms) = preSolution
		Debug|Any CPU = Debug|Any CPU
		Release|Any CPU = Release|Any CPU
	EndGlobalSection
	GlobalSection(ProjectConfigurationPlatforms) = postSolution
		{12214384-09F3-4538-B924-58C26BA63802}.Debug|Any CPU.ActiveCfg = Debug|Any CPU
		{12214384-09F3-4538-B924-58C26BA63802}.Debug|Any CPU.Build.0 = Debug|Any CPU
		{12214384-09F3-4538-B924-58C26BA63802}.Release|Any CPU.ActiveCfg = Release|Any CPU
		{12214384-09F3-4538-B924-58C26BA63802}.Release|Any CPU.Build.0 = Release|Any CPU
	EndGlobalSection
	GlobalSection(SolutionProperties) = preSolution
		HideSolutionNode = FALSE
	EndGlobalSection
	GlobalSection(ExtensibilityGlobals) = postSolution
		SolutionGuid = {69E87565-2066-4E76-96B9-D5AEEFBAF905}
	EndGlobalSection
EndGlobal
